
Microsoft Visual Studio Solution File, Format Version 12.00
# Visual Studio 15
VisualStudioVersion = 15.0.27703.2047
MinimumVisualStudioVersion = 10.0.40219.1
Project("{FAE04EC0-301F-11D3-BF4B-00C04F79EFBC}") = "AspNetVS2017.Capitulo01.Variaveis", "AspNetVS2017.Capitulo01.Variaveis\AspNetVS2017.Capitulo01.Variaveis.csproj", "{80AB29E4-F102-40AD-BFB3-0EFFB062538A}"
EndProject
Project("{FAE04EC0-301F-11D3-BF4B-00C04F79EFBC}") = "AspNetVS2017.Capitulo01.Troco", "AspNetVS2017.Capitulo01.Troco\AspNetVS2017.Capitulo01.Troco.csproj", "{59753BA0-2768-4BA8-8598-D790E54FCD69}"
EndProject
Project("{FAE04EC0-301F-11D3-BF4B-00C04F79EFBC}") = "AspNet2017.Capitulo01.Frete", "AspNet2017.Capitulo01.Frete\AspNet2017.Capitulo01.Frete.csproj", "{019AFDAC-1797-4B5C-97B1-284D22B0F520}"
EndProject
Project("{FAE04EC0-301F-11D3-BF4B-00C04F79EFBC}") = "AspNetVS2017.Capitulo01.Repetição.Testes", "AspNetVS2017.Capitulo01.Repetição.Testes\AspNetVS2017.Capitulo01.Repetição.Testes.csproj", "{BC991163-CFC7-4A4D-833F-11A4991E4A3F}"
EndProject
Project("{FAE04EC0-301F-11D3-BF4B-00C04F79EFBC}") = "AspNetVS2017.Capitulo01.VetoresColecoes.teste", "AspNetVS2017.Capitulo01.VetoresColecoes.teste\AspNetVS2017.Capitulo01.VetoresColecoes.teste.csproj", "{0A14CDE5-C9A7-4F70-9D76-A615064EE77F}"
EndProject
Project("{FAE04EC0-301F-11D3-BF4B-00C04F79EFBC}") = "AspnetVS2017.Capitulo01.VetoresColecionaveis", "AspnetVS2017.Capitulo01.VetoresColecionaveis\AspnetVS2017.Capitulo01.VetoresColecionaveis.csproj", "{7CB02583-44FB-4EA8-BD9B-1EBA83ADEC35}"
EndProject
Project("{2150E333-8FDC-42A3-9474-1A3956D46DE8}") = "Oficina", "Oficina", "{8D10344E-93A7-4363-AC28-4A0AAC9FDD07}"
EndProject
Project("{FAE04EC0-301F-11D3-BF4B-00C04F79EFBC}") = "Oficina.Dominio", "Oficina.Dominio\Oficina.Dominio.csproj", "{EAC2E01C-6960-4344-B781-F5CB1CDF55B9}"
EndProject
Project("{FAE04EC0-301F-11D3-BF4B-00C04F79EFBC}") = "Oficina.Repositorios.SistemaArquivos", "Oficina.Repositorios.SistemaArquivos\Oficina.Repositorios.SistemaArquivos.csproj", "{4BF15321-A070-4B4E-A77F-9F26D69EAF2B}"
EndProject
Project("{FAE04EC0-301F-11D3-BF4B-00C04F79EFBC}") = "Oficina.Repositorios.SistemaArquivosTests", "Oficina.Repositorios.SistemaArquivosTests\Oficina.Repositorios.SistemaArquivosTests.csproj", "{9DAB1FE0-0B5A-46B2-8CEF-6AC7CE1AC00F}"
EndProject
Project("{FAE04EC0-301F-11D3-BF4B-00C04F79EFBC}") = "Oficina.WebPages", "Oficina.WebPages\Oficina.WebPages.csproj", "{999AA5FB-FC8B-4418-AD8A-A9C556C3099F}"
EndProject
Project("{FAE04EC0-301F-11D3-BF4B-00C04F79EFBC}") = "AspNetVS2017.Capitulo03.Portfolio", "AspNetVS2017.Capitulo03.Portfolio\AspNetVS2017.Capitulo03.Portfolio.csproj", "{1CE43AEA-8D02-48C6-85C4-9CAD14A2E1FC}"
EndProject
Project("{2150E333-8FDC-42A3-9474-1A3956D46DE8}") = "Portfolio", "Portfolio", "{E793A01F-CD44-43DA-BADA-1375F4313053}"
EndProject
Project("{00D1A9C2-B5F0-4AF3-8072-F6C62B433612}") = "Portfolio", "Portfolio\Portfolio.sqlproj", "{63B8FEF2-B09A-4296-A7B6-081972AB26AD}"
EndProject
Project("{2150E333-8FDC-42A3-9474-1A3956D46DE8}") = "ViagensOnline", "ViagensOnline", "{2610DB6B-1F89-4A22-ABE9-3EB361F0BCCD}"
EndProject
Project("{FAE04EC0-301F-11D3-BF4B-00C04F79EFBC}") = "ViagensOnline.Dominio", "ViagensOnline.Dominio\ViagensOnline.Dominio.csproj", "{791784E1-8F90-45A3-8ACE-D7EEC18EA939}"
EndProject
Project("{FAE04EC0-301F-11D3-BF4B-00C04F79EFBC}") = "ViagensOnline.Repositorios.SqlServer", "ViagensOnline.Repositorios.SqlServer\ViagensOnline.Repositorios.SqlServer.csproj", "{CA11E5C5-7C3F-4E36-A879-6F07652D49DF}"
EndProject
Project("{FAE04EC0-301F-11D3-BF4B-00C04F79EFBC}") = "ViagensOnline.Repositorios.SqlServerTests", "ViagensOnline.Repositorios.SqlServerTests\ViagensOnline.Repositorios.SqlServerTests.csproj", "{F8C9C6CC-D45B-48AC-97A0-68E10F6EE111}"
EndProject
Project("{FAE04EC0-301F-11D3-BF4B-00C04F79EFBC}") = "ViagensOnlineMvc", "ViagensOnlineMvc\ViagensOnlineMvc.csproj", "{A63B0028-E563-47FE-B1FF-981F18342BBD}"
EndProject
Global
	GlobalSection(SolutionConfigurationPlatforms) = preSolution
		Debug|Any CPU = Debug|Any CPU
		Release|Any CPU = Release|Any CPU
	EndGlobalSection
	GlobalSection(ProjectConfigurationPlatforms) = postSolution
		{80AB29E4-F102-40AD-BFB3-0EFFB062538A}.Debug|Any CPU.ActiveCfg = Debug|Any CPU
		{80AB29E4-F102-40AD-BFB3-0EFFB062538A}.Debug|Any CPU.Build.0 = Debug|Any CPU
		{80AB29E4-F102-40AD-BFB3-0EFFB062538A}.Release|Any CPU.ActiveCfg = Release|Any CPU
		{80AB29E4-F102-40AD-BFB3-0EFFB062538A}.Release|Any CPU.Build.0 = Release|Any CPU
		{59753BA0-2768-4BA8-8598-D790E54FCD69}.Debug|Any CPU.ActiveCfg = Debug|Any CPU
		{59753BA0-2768-4BA8-8598-D790E54FCD69}.Debug|Any CPU.Build.0 = Debug|Any CPU
		{59753BA0-2768-4BA8-8598-D790E54FCD69}.Release|Any CPU.ActiveCfg = Release|Any CPU
		{59753BA0-2768-4BA8-8598-D790E54FCD69}.Release|Any CPU.Build.0 = Release|Any CPU
		{019AFDAC-1797-4B5C-97B1-284D22B0F520}.Debug|Any CPU.ActiveCfg = Debug|Any CPU
		{019AFDAC-1797-4B5C-97B1-284D22B0F520}.Debug|Any CPU.Build.0 = Debug|Any CPU
		{019AFDAC-1797-4B5C-97B1-284D22B0F520}.Release|Any CPU.ActiveCfg = Release|Any CPU
		{019AFDAC-1797-4B5C-97B1-284D22B0F520}.Release|Any CPU.Build.0 = Release|Any CPU
		{BC991163-CFC7-4A4D-833F-11A4991E4A3F}.Debug|Any CPU.ActiveCfg = Debug|Any CPU
		{BC991163-CFC7-4A4D-833F-11A4991E4A3F}.Debug|Any CPU.Build.0 = Debug|Any CPU
		{BC991163-CFC7-4A4D-833F-11A4991E4A3F}.Release|Any CPU.ActiveCfg = Release|Any CPU
		{BC991163-CFC7-4A4D-833F-11A4991E4A3F}.Release|Any CPU.Build.0 = Release|Any CPU
		{0A14CDE5-C9A7-4F70-9D76-A615064EE77F}.Debug|Any CPU.ActiveCfg = Debug|Any CPU
		{0A14CDE5-C9A7-4F70-9D76-A615064EE77F}.Debug|Any CPU.Build.0 = Debug|Any CPU
		{0A14CDE5-C9A7-4F70-9D76-A615064EE77F}.Release|Any CPU.ActiveCfg = Release|Any CPU
		{0A14CDE5-C9A7-4F70-9D76-A615064EE77F}.Release|Any CPU.Build.0 = Release|Any CPU
		{7CB02583-44FB-4EA8-BD9B-1EBA83ADEC35}.Debug|Any CPU.ActiveCfg = Debug|Any CPU
		{7CB02583-44FB-4EA8-BD9B-1EBA83ADEC35}.Debug|Any CPU.Build.0 = Debug|Any CPU
		{7CB02583-44FB-4EA8-BD9B-1EBA83ADEC35}.Release|Any CPU.ActiveCfg = Release|Any CPU
		{7CB02583-44FB-4EA8-BD9B-1EBA83ADEC35}.Release|Any CPU.Build.0 = Release|Any CPU
		{EAC2E01C-6960-4344-B781-F5CB1CDF55B9}.Debug|Any CPU.ActiveCfg = Debug|Any CPU
		{EAC2E01C-6960-4344-B781-F5CB1CDF55B9}.Debug|Any CPU.Build.0 = Debug|Any CPU
		{EAC2E01C-6960-4344-B781-F5CB1CDF55B9}.Release|Any CPU.ActiveCfg = Release|Any CPU
		{EAC2E01C-6960-4344-B781-F5CB1CDF55B9}.Release|Any CPU.Build.0 = Release|Any CPU
		{4BF15321-A070-4B4E-A77F-9F26D69EAF2B}.Debug|Any CPU.ActiveCfg = Debug|Any CPU
		{4BF15321-A070-4B4E-A77F-9F26D69EAF2B}.Debug|Any CPU.Build.0 = Debug|Any CPU
		{4BF15321-A070-4B4E-A77F-9F26D69EAF2B}.Release|Any CPU.ActiveCfg = Release|Any CPU
		{4BF15321-A070-4B4E-A77F-9F26D69EAF2B}.Release|Any CPU.Build.0 = Release|Any CPU
		{9DAB1FE0-0B5A-46B2-8CEF-6AC7CE1AC00F}.Debug|Any CPU.ActiveCfg = Debug|Any CPU
		{9DAB1FE0-0B5A-46B2-8CEF-6AC7CE1AC00F}.Debug|Any CPU.Build.0 = Debug|Any CPU
		{9DAB1FE0-0B5A-46B2-8CEF-6AC7CE1AC00F}.Release|Any CPU.ActiveCfg = Release|Any CPU
		{9DAB1FE0-0B5A-46B2-8CEF-6AC7CE1AC00F}.Release|Any CPU.Build.0 = Release|Any CPU
		{999AA5FB-FC8B-4418-AD8A-A9C556C3099F}.Debug|Any CPU.ActiveCfg = Debug|Any CPU
		{999AA5FB-FC8B-4418-AD8A-A9C556C3099F}.Debug|Any CPU.Build.0 = Debug|Any CPU
		{999AA5FB-FC8B-4418-AD8A-A9C556C3099F}.Release|Any CPU.ActiveCfg = Release|Any CPU
		{999AA5FB-FC8B-4418-AD8A-A9C556C3099F}.Release|Any CPU.Build.0 = Release|Any CPU
		{1CE43AEA-8D02-48C6-85C4-9CAD14A2E1FC}.Debug|Any CPU.ActiveCfg = Debug|Any CPU
		{1CE43AEA-8D02-48C6-85C4-9CAD14A2E1FC}.Debug|Any CPU.Build.0 = Debug|Any CPU
		{1CE43AEA-8D02-48C6-85C4-9CAD14A2E1FC}.Release|Any CPU.ActiveCfg = Release|Any CPU
		{1CE43AEA-8D02-48C6-85C4-9CAD14A2E1FC}.Release|Any CPU.Build.0 = Release|Any CPU
		{63B8FEF2-B09A-4296-A7B6-081972AB26AD}.Debug|Any CPU.ActiveCfg = Debug|Any CPU
		{63B8FEF2-B09A-4296-A7B6-081972AB26AD}.Debug|Any CPU.Build.0 = Debug|Any CPU
		{63B8FEF2-B09A-4296-A7B6-081972AB26AD}.Debug|Any CPU.Deploy.0 = Debug|Any CPU
		{63B8FEF2-B09A-4296-A7B6-081972AB26AD}.Release|Any CPU.ActiveCfg = Release|Any CPU
		{63B8FEF2-B09A-4296-A7B6-081972AB26AD}.Release|Any CPU.Build.0 = Release|Any CPU
		{63B8FEF2-B09A-4296-A7B6-081972AB26AD}.Release|Any CPU.Deploy.0 = Release|Any CPU
		{791784E1-8F90-45A3-8ACE-D7EEC18EA939}.Debug|Any CPU.ActiveCfg = Debug|Any CPU
		{791784E1-8F90-45A3-8ACE-D7EEC18EA939}.Debug|Any CPU.Build.0 = Debug|Any CPU
		{791784E1-8F90-45A3-8ACE-D7EEC18EA939}.Release|Any CPU.ActiveCfg = Release|Any CPU
		{791784E1-8F90-45A3-8ACE-D7EEC18EA939}.Release|Any CPU.Build.0 = Release|Any CPU
		{CA11E5C5-7C3F-4E36-A879-6F07652D49DF}.Debug|Any CPU.ActiveCfg = Debug|Any CPU
		{CA11E5C5-7C3F-4E36-A879-6F07652D49DF}.Debug|Any CPU.Build.0 = Debug|Any CPU
		{CA11E5C5-7C3F-4E36-A879-6F07652D49DF}.Release|Any CPU.ActiveCfg = Release|Any CPU
		{CA11E5C5-7C3F-4E36-A879-6F07652D49DF}.Release|Any CPU.Build.0 = Release|Any CPU
		{F8C9C6CC-D45B-48AC-97A0-68E10F6EE111}.Debug|Any CPU.ActiveCfg = Debug|Any CPU
		{F8C9C6CC-D45B-48AC-97A0-68E10F6EE111}.Debug|Any CPU.Build.0 = Debug|Any CPU
		{F8C9C6CC-D45B-48AC-97A0-68E10F6EE111}.Release|Any CPU.ActiveCfg = Release|Any CPU
		{F8C9C6CC-D45B-48AC-97A0-68E10F6EE111}.Release|Any CPU.Build.0 = Release|Any CPU
		{A63B0028-E563-47FE-B1FF-981F18342BBD}.Debug|Any CPU.ActiveCfg = Debug|Any CPU
		{A63B0028-E563-47FE-B1FF-981F18342BBD}.Debug|Any CPU.Build.0 = Debug|Any CPU
		{A63B0028-E563-47FE-B1FF-981F18342BBD}.Release|Any CPU.ActiveCfg = Release|Any CPU
		{A63B0028-E563-47FE-B1FF-981F18342BBD}.Release|Any CPU.Build.0 = Release|Any CPU
	EndGlobalSection
	GlobalSection(SolutionProperties) = preSolution
		HideSolutionNode = FALSE
	EndGlobalSection
	GlobalSection(NestedProjects) = preSolution
		{EAC2E01C-6960-4344-B781-F5CB1CDF55B9} = {8D10344E-93A7-4363-AC28-4A0AAC9FDD07}
		{4BF15321-A070-4B4E-A77F-9F26D69EAF2B} = {8D10344E-93A7-4363-AC28-4A0AAC9FDD07}
		{9DAB1FE0-0B5A-46B2-8CEF-6AC7CE1AC00F} = {8D10344E-93A7-4363-AC28-4A0AAC9FDD07}
		{999AA5FB-FC8B-4418-AD8A-A9C556C3099F} = {8D10344E-93A7-4363-AC28-4A0AAC9FDD07}
		{1CE43AEA-8D02-48C6-85C4-9CAD14A2E1FC} = {E793A01F-CD44-43DA-BADA-1375F4313053}
		{63B8FEF2-B09A-4296-A7B6-081972AB26AD} = {E793A01F-CD44-43DA-BADA-1375F4313053}
		{791784E1-8F90-45A3-8ACE-D7EEC18EA939} = {2610DB6B-1F89-4A22-ABE9-3EB361F0BCCD}
		{CA11E5C5-7C3F-4E36-A879-6F07652D49DF} = {2610DB6B-1F89-4A22-ABE9-3EB361F0BCCD}
		{F8C9C6CC-D45B-48AC-97A0-68E10F6EE111} = {2610DB6B-1F89-4A22-ABE9-3EB361F0BCCD}
		{A63B0028-E563-47FE-B1FF-981F18342BBD} = {2610DB6B-1F89-4A22-ABE9-3EB361F0BCCD}
	EndGlobalSection
	GlobalSection(ExtensibilityGlobals) = postSolution
		SolutionGuid = {B34FF1B9-7013-4FCE-8C06-6D69F1E9B9E7}
	EndGlobalSection
EndGlobal
